# This file is autogenerated, do not edit; changes may be undone by the next 'dep ensure'.


[[projects]]
  digest = "1:dd91ae64319dc684b99c2d5eb86ae031afb82a0960a53c1a94b3bead34da13e0"
  name = "github.com/envoyproxy/go-control-plane"
  packages = [
    "envoy/api/v2",
    "envoy/api/v2/auth",
    "envoy/api/v2/cluster",
    "envoy/api/v2/core",
    "envoy/api/v2/endpoint",
    "envoy/api/v2/listener",
    "envoy/api/v2/route",
    "envoy/config/filter/accesslog/v2",
    "envoy/config/filter/network/http_connection_manager/v2",
    "envoy/service/discovery/v2",
    "envoy/type",
    "pkg/cache",
    "pkg/log",
    "pkg/server",
    "pkg/util",
  ]
  pruneopts = "UT"
  revision = "0ad6fa1cf0b9b6ca8f3617a7188a568e81f40b87"
  version = "v0.6.9"

[[projects]]
  digest = "1:b6866b08184222995bf9347b648e11dc252317b809ee9f72c8724c07a016b303"
  name = "github.com/gogo/googleapis"
  packages = [
    "google/api",
    "google/rpc",
  ]
  pruneopts = "UT"
  revision = "8558fb44d2f1fc223118afc694129d2c2d2924d1"
  version = "v1.1.0"

[[projects]]
  digest = "1:95e1006e41c641abd2f365dfa0f1213c04da294e7cd5f0bf983af234b775db64"
  name = "github.com/gogo/protobuf"
  packages = [
    "gogoproto",
    "jsonpb",
    "proto",
    "protoc-gen-gogo/descriptor",
    "sortkeys",
    "types",
  ]
  pruneopts = "UT"
  revision = "ba06b47c162d49f2af050fb4c75bcbc86a159d5c"
  version = "v1.2.1"

[[projects]]
  digest = "1:64c2b533ffd17023738c534548ab2455d7f519bc15ed4225145425ed2222448b"
  name = "github.com/golang/protobuf"
  packages = [
    "proto",
    "protoc-gen-go/descriptor",
    "ptypes",
    "ptypes/any",
    "ptypes/duration",
    "ptypes/timestamp",
  ]
  pruneopts = "UT"
  revision = "b5d812f8a3706043e23a9cd5babf2e5423744d30"
  version = "v1.3.1"

[[projects]]
  digest = "1:31e761d97c76151dde79e9d28964a812c46efc5baee4085b86f68f0c654450de"
  name = "github.com/konsorten/go-windows-terminal-sequences"
  packages = ["."]
  pruneopts = "UT"
  revision = "f55edac94c9bbba5d6182a4be46d86a2c9b5b50e"
  version = "v1.0.2"

[[projects]]
  digest = "1:dfe5159383dfcd370555c35374ac99022906f987b55cc65a830fb9ced970b4b1"
  name = "github.com/lyft/protoc-gen-validate"
  packages = ["validate"]
  pruneopts = "UT"
  revision = "f9d2b11e44149635b23a002693b76512b01ae515"

[[projects]]
  digest = "1:e4c72127d910a96daf869a44f3dd563b86dbe6931a172863a0e99c5ff04b59e4"
  name = "github.com/sirupsen/logrus"
  packages = ["."]
  pruneopts = "UT"
  revision = "dae0fa8d5b0c810a8ab733fbd5510c7cae84eca4"
  version = "v1.4.0"

[[projects]]
  branch = "master"
  digest = "1:058e9504b9a79bfe86092974d05bb3298d2aa0c312d266d43148de289a5065d9"
  name = "golang.org/x/crypto"
  packages = ["ssh/terminal"]
  pruneopts = "UT"
  revision = "a1f597ede03a7bef967a422b5b3a5bd08805a01e"

[[projects]]
  branch = "master"
  digest = "1:166293c9bbd7ee31d2fc8465823015ad49cf9949dfbbc55c26076ced4f054360"
  name = "golang.org/x/net"
  packages = [
    "http/httpguts",
    "http2",
    "http2/hpack",
    "idna",
    "internal/timeseries",
    "trace",
  ]
  pruneopts = "UT"
  revision = "d196dffd7c2beec1957382065df08bcc353b9706"

[[projects]]
  branch = "master"
  digest = "1:1aa109187d52894bd8929a34a0a483ea4e57d7e32e86d81c64cea84c1978d68e"
  name = "golang.org/x/sys"
  packages = [
    "unix",
    "windows",
  ]
  pruneopts = "UT"
  revision = "6c81ef8f67ca3f42fc9cd71dfbd5f35b0c4b5771"

[[projects]]
  digest = "1:a2ab62866c75542dd18d2b069fec854577a20211d7c0ea6ae746072a1dccdd18"
  name = "golang.org/x/text"
  packages = [
    "collate",
    "collate/build",
    "internal/colltab",
    "internal/gen",
    "internal/tag",
    "internal/triegen",
    "internal/ucd",
    "language",
    "secure/bidirule",
    "transform",
    "unicode/bidi",
    "unicode/cldr",
    "unicode/norm",
    "unicode/rangetable",
  ]
  pruneopts = "UT"
  revision = "f21a4dfb5e38f5895301dc265a8def02365cc3d0"
  version = "v0.3.0"

[[projects]]
  branch = "master"
  digest = "1:c3076e7defee87de1236f1814beb588f40a75544c60121e6eb38b3b3721783e2"
  name = "google.golang.org/genproto"
  packages = ["googleapis/rpc/status"]
  pruneopts = "UT"
  revision = "5fe7a883aa19554f42890211544aa549836af7b7"

[[projects]]
  digest = "1:cbc746de4662c66fd24a037501bd65aa0f8ad0bfca0c92576e0abb88864e3741"
  name = "google.golang.org/grpc"
  packages = [
    ".",
    "balancer",
    "balancer/base",
    "balancer/roundrobin",
    "binarylog/grpc_binarylog_v1",
    "codes",
    "connectivity",
    "credentials",
    "credentials/internal",
    "encoding",
    "encoding/proto",
    "grpclog",
    "internal",
    "internal/backoff",
    "internal/binarylog",
    "internal/channelz",
    "internal/envconfig",
    "internal/grpcrand",
    "internal/grpcsync",
    "internal/syscall",
    "internal/transport",
    "keepalive",
    "metadata",
    "naming",
    "peer",
    "resolver",
    "resolver/dns",
    "resolver/passthrough",
    "stats",
    "status",
    "tap",
  ]
  pruneopts = "UT"
  revision = "2fdaae294f38ed9a121193c51ec99fecd3b13eb7"
  version = "v1.19.0"

[solve-meta]
  analyzer-name = "dep"
  analyzer-version = 1
  input-imports = [
    "github.com/envoyproxy/go-control-plane/envoy/api/v2",
    "github.com/envoyproxy/go-control-plane/envoy/api/v2/auth",
    "github.com/envoyproxy/go-control-plane/envoy/api/v2/core",
    "github.com/envoyproxy/go-control-plane/envoy/api/v2/endpoint",
    "github.com/envoyproxy/go-control-plane/envoy/api/v2/listener",
    "github.com/envoyproxy/go-control-plane/envoy/api/v2/route",
    "github.com/envoyproxy/go-control-plane/envoy/config/filter/network/http_connection_manager/v2",
    "github.com/envoyproxy/go-control-plane/envoy/service/discovery/v2",
    "github.com/envoyproxy/go-control-plane/pkg/cache",
    "github.com/envoyproxy/go-control-plane/pkg/server",
    "github.com/envoyproxy/go-control-plane/pkg/util",
    "github.com/sirupsen/logrus",
    "google.golang.org/grpc",
  ]
  solver-name = "gps-cdcl"
  solver-version = 1
